{
  "name": "tracking",
  "version": "0.0.0",
  "lockfileVersion": 1,
  "requires": true,
  "dependencies": {
    "angulartics": {
      "version": "1.5.0",
      "resolved": "https://registry.npmjs.org/angulartics/-/angulartics-1.5.0.tgz",
      "integrity": "sha512-cO8hoSxlrWN2nxoys0vRxIEu/IT7eTFw4ODfUAeE8qq5cuIiP00lcvF/hOvUQAh8Gy/Nj9lvCzoc+f9+bBAeFg=="
    },
    "angulartics-piwik": {
      "version": "1.0.6",
      "resolved": "https://registry.npmjs.org/angulartics-piwik/-/angulartics-piwik-1.0.6.tgz",
      "integrity": "sha1-zwULZeiXTz+a6aKhzvS8HKyCCZ8=",
      "requires": {
        "angulartics": "1.5.0"
      }
    },
    "angulartics2": {
      "version": "5.1.0",
      "resolved": "https://registry.npmjs.org/angulartics2/-/angulartics2-5.1.0.tgz",
      "integrity": "sha512-2eT04MKqw2OpIidIZSGsZyxmMDYcoKBu60Pfg7ruwK26u11WBneBj8GCTz+1wlX+FG5dXothbvSMfnjOksSh0A==",
      "requires": {
        "tslib": "1.9.0"
      }
    },
    "tslib": {
      "version": "1.9.0",
      "resolved": "https://registry.npmjs.org/tslib/-/tslib-1.9.0.tgz",
      "integrity": "sha512-f/qGG2tUkrISBlQZEjEqoZ3B2+npJjIf04H1wuAv9iA8i04Icp+61KRXxFdha22670NJopsZCIjhC3SnjPRKrQ=="
    }
  }
}
